// !$*UTF8*$!
{
	archiveVersion = 1;
	classes = {
	};
	objectVersion = 55;
	objects = {

/* Begin PBXBuildFile section */
		6A92656127FB3B5B002A2DF9 /* Tests_iOS.swift in Sources */ = {isa = PBXBuildFile; fileRef = 6A92656027FB3B5B002A2DF9 /* Tests_iOS.swift */; };
		6A92656327FB3B5B002A2DF9 /* Tests_iOSLaunchTests.swift in Sources */ = {isa = PBXBuildFile; fileRef = 6A92656227FB3B5B002A2DF9 /* Tests_iOSLaunchTests.swift */; };
		6A92656D27FB3B5C002A2DF9 /* Tests_macOS.swift in Sources */ = {isa = PBXBuildFile; fileRef = 6A92656C27FB3B5C002A2DF9 /* Tests_macOS.swift */; };
		6A92656F27FB3B5C002A2DF9 /* Tests_macOSLaunchTests.swift in Sources */ = {isa = PBXBuildFile; fileRef = 6A92656E27FB3B5C002A2DF9 /* Tests_macOSLaunchTests.swift */; };
		6A92657027FB3B5C002A2DF9 /* wordsGameApp.swift in Sources */ = {isa = PBXBuildFile; fileRef = 6A92654827FB3B59002A2DF9 /* wordsGameApp.swift */; };
		6A92657127FB3B5C002A2DF9 /* wordsGameApp.swift in Sources */ = {isa = PBXBuildFile; fileRef = 6A92654827FB3B59002A2DF9 /* wordsGameApp.swift */; };
		6A92657227FB3B5C002A2DF9 /* ContentView.swift in Sources */ = {isa = PBXBuildFile; fileRef = 6A92654927FB3B59002A2DF9 /* ContentView.swift */; };
		6A92657327FB3B5C002A2DF9 /* ContentView.swift in Sources */ = {isa = PBXBuildFile; fileRef = 6A92654927FB3B59002A2DF9 /* ContentView.swift */; };
		6A92657427FB3B5C002A2DF9 /* Assets.xcassets in Resources */ = {isa = PBXBuildFile; fileRef = 6A92654A27FB3B5B002A2DF9 /* Assets.xcassets */; };
		6A92657527FB3B5C002A2DF9 /* Assets.xcassets in Resources */ = {isa = PBXBuildFile; fileRef = 6A92654A27FB3B5B002A2DF9 /* Assets.xcassets */; };
/* End PBXBuildFile section */

/* Begin PBXContainerItemProxy section */
		6A92655D27FB3B5B002A2DF9 /* PBXContainerItemProxy */ = {
			isa = PBXContainerItemProxy;
			containerPortal = 6A92654327FB3B58002A2DF9 /* Project object */;
			proxyType = 1;
			remoteGlobalIDString = 6A92654E27FB3B5B002A2DF9;
			remoteInfo = "wordsGame (iOS)";
		};
		6A92656927FB3B5C002A2DF9 /* PBXContainerItemProxy */ = {
			isa = PBXContainerItemProxy;
			containerPortal = 6A92654327FB3B58002A2DF9 /* Project object */;
			proxyType = 1;
			remoteGlobalIDString = 6A92655427FB3B5B002A2DF9;
			remoteInfo = "wordsGame (macOS)";
		};
/* End PBXContainerItemProxy section */

/* Begin PBXFileReference section */
		6A92654827FB3B59002A2DF9 /* wordsGameApp.swift */ = {isa = PBXFileReference; lastKnownFileType = sourcecode.swift; path = wordsGameApp.swift; sourceTree = "<group>"; };
		6A92654927FB3B59002A2DF9 /* ContentView.swift */ = {isa = PBXFileReference; lastKnownFileType = sourcecode.swift; path = ContentView.swift; sourceTree = "<group>"; };
		6A92654A27FB3B5B002A2DF9 /* Assets.xcassets */ = {isa = PBXFileReference; lastKnownFileType = folder.assetcatalog; path = Assets.xcassets; sourceTree = "<group>"; };
		6A92654F27FB3B5B002A2DF9 /* wordsGame.app */ = {isa = PBXFileReference; explicitFileType = wrapper.application; includeInIndex = 0; path = wordsGame.app; sourceTree = BUILT_PRODUCTS_DIR; };
		6A92655527FB3B5B002A2DF9 /* wordsGame.app */ = {isa = PBXFileReference; explicitFileType = wrapper.application; includeInIndex = 0; path = wordsGame.app; sourceTree = BUILT_PRODUCTS_DIR; };
		6A92655727FB3B5B002A2DF9 /* macOS.entitlements */ = {isa = PBXFileReference; lastKnownFileType = text.plist.entitlements; path = macOS.entitlements; sourceTree = "<group>"; };
		6A92655C27FB3B5B002A2DF9 /* Tests iOS.xctest */ = {isa = PBXFileReference; explicitFileType = wrapper.cfbundle; includeInIndex = 0; path = "Tests iOS.xctest"; sourceTree = BUILT_PRODUCTS_DIR; };
		6A92656027FB3B5B002A2DF9 /* Tests_iOS.swift */ = {isa = PBXFileReference; lastKnownFileType = sourcecode.swift; path = Tests_iOS.swift; sourceTree = "<group>"; };
		6A92656227FB3B5B002A2DF9 /* Tests_iOSLaunchTests.swift */ = {isa = PBXFileReference; lastKnownFileType = sourcecode.swift; path = Tests_iOSLaunchTests.swift; sourceTree = "<group>"; };
		6A92656827FB3B5C002A2DF9 /* Tests macOS.xctest */ = {isa = PBXFileReference; explicitFileType = wrapper.cfbundle; includeInIndex = 0; path = "Tests macOS.xctest"; sourceTree = BUILT_PRODUCTS_DIR; };
		6A92656C27FB3B5C002A2DF9 /* Tests_macOS.swift */ = {isa = PBXFileReference; lastKnownFileType = sourcecode.swift; path = Tests_macOS.swift; sourceTree = "<group>"; };
		6A92656E27FB3B5C002A2DF9 /* Tests_macOSLaunchTests.swift */ = {isa = PBXFileReference; lastKnownFileType = sourcecode.swift; path = Tests_macOSLaunchTests.swift; sourceTree = "<group>"; };
/* End PBXFileReference section */

/* Begin PBXFrameworksBuildPhase section */
		6A92654C27FB3B5B002A2DF9 /* Frameworks */ = {
			isa = PBXFrameworksBuildPhase;
			buildActionMask = 2147483647;
			files = (
			);
			runOnlyForDeploymentPostprocessing = 0;
		};
		6A92655227FB3B5B002A2DF9 /* Frameworks */ = {
			isa = PBXFrameworksBuildPhase;
			buildActionMask = 2147483647;
			files = (
			);
			runOnlyForDeploymentPostprocessing = 0;
		};
		6A92655927FB3B5B002A2DF9 /* Frameworks */ = {
			isa = PBXFrameworksBuildPhase;
			buildActionMask = 2147483647;
			files = (
			);
			runOnlyForDeploymentPostprocessing = 0;
		};
		6A92656527FB3B5C002A2DF9 /* Frameworks */ = {
			isa = PBXFrameworksBuildPhase;
			buildActionMask = 2147483647;
			files = (
			);
			runOnlyForDeploymentPostprocessing = 0;
		};
/* End PBXFrameworksBuildPhase section */

/* Begin PBXGroup section */
		6A92654227FB3B58002A2DF9 = {
			isa = PBXGroup;
			children = (
				6A92654727FB3B59002A2DF9 /* Shared */,
				6A92655627FB3B5B002A2DF9 /* macOS */,
				6A92655F27FB3B5B002A2DF9 /* Tests iOS */,
				6A92656B27FB3B5C002A2DF9 /* Tests macOS */,
				6A92655027FB3B5B002A2DF9 /* Products */,
			);
			sourceTree = "<group>";
		};
		6A92654727FB3B59002A2DF9 /* Shared */ = {
			isa = PBXGroup;
			children = (
				6A92654827FB3B59002A2DF9 /* wordsGameApp.swift */,
				6A92654927FB3B59002A2DF9 /* ContentView.swift */,
				6A92654A27FB3B5B002A2DF9 /* Assets.xcassets */,
			);
			path = Shared;
			sourceTree = "<group>";
		};
		6A92655027FB3B5B002A2DF9 /* Products */ = {
			isa = PBXGroup;
			children = (
				6A92654F27FB3B5B002A2DF9 /* wordsGame.app */,
				6A92655527FB3B5B002A2DF9 /* wordsGame.app */,
				6A92655C27FB3B5B002A2DF9 /* Tests iOS.xctest */,
				6A92656827FB3B5C002A2DF9 /* Tests macOS.xctest */,
			);
			name = Products;
			sourceTree = "<group>";
		};
		6A92655627FB3B5B002A2DF9 /* macOS */ = {
			isa = PBXGroup;
			children = (
				6A92655727FB3B5B002A2DF9 /* macOS.entitlements */,
			);
			path = macOS;
			sourceTree = "<group>";
		};
		6A92655F27FB3B5B002A2DF9 /* Tests iOS */ = {
			isa = PBXGroup;
			children = (
				6A92656027FB3B5B002A2DF9 /* Tests_iOS.swift */,
				6A92656227FB3B5B002A2DF9 /* Tests_iOSLaunchTests.swift */,
			);
			path = "Tests iOS";
			sourceTree = "<group>";
		};
		6A92656B27FB3B5C002A2DF9 /* Tests macOS */ = {
			isa = PBXGroup;
			children = (
				6A92656C27FB3B5C002A2DF9 /* Tests_macOS.swift */,
				6A92656E27FB3B5C002A2DF9 /* Tests_macOSLaunchTests.swift */,
			);
			path = "Tests macOS";
			sourceTree = "<group>";
		};
/* End PBXGroup section */

/* Begin PBXNativeTarget section */
		6A92654E27FB3B5B002A2DF9 /* wordsGame (iOS) */ = {
			isa = PBXNativeTarget;
			buildConfigurationList = 6A92657827FB3B5C002A2DF9 /* Build configuration list for PBXNativeTarget "wordsGame (iOS)" */;
			buildPhases = (
				6A92654B27FB3B5B002A2DF9 /* Sources */,
				6A92654C27FB3B5B002A2DF9 /* Frameworks */,
				6A92654D27FB3B5B002A2DF9 /* Resources */,
			);
			buildRules = (
			);
			dependencies = (
			);
			name = "wordsGame (iOS)";
			productName = "wordsGame (iOS)";
			productReference = 6A92654F27FB3B5B002A2DF9 /* wordsGame.app */;
			productType = "com.apple.product-type.application";
		};
		6A92655427FB3B5B002A2DF9 /* wordsGame (macOS) */ = {
			isa = PBXNativeTarget;
			buildConfigurationList = 6A92657B27FB3B5C002A2DF9 /* Build configuration list for PBXNativeTarget "wordsGame (macOS)" */;
			buildPhases = (
				6A92655127FB3B5B002A2DF9 /* Sources */,
				6A92655227FB3B5B002A2DF9 /* Frameworks */,
				6A92655327FB3B5B002A2DF9 /* Resources */,
			);
			buildRules = (
			);
			dependencies = (
			);
			name = "wordsGame (macOS)";
			productName = "wordsGame (macOS)";
			productReference = 6A92655527FB3B5B002A2DF9 /* wordsGame.app */;
			productType = "com.apple.product-type.application";
		};
		6A92655B27FB3B5B002A2DF9 /* Tests iOS */ = {
			isa = PBXNativeTarget;
			buildConfigurationList = 6A92657E27FB3B5C002A2DF9 /* Build configuration list for PBXNativeTarget "Tests iOS" */;
			buildPhases = (
				6A92655827FB3B5B002A2DF9 /* Sources */,
				6A92655927FB3B5B002A2DF9 /* Frameworks */,
				6A92655A27FB3B5B002A2DF9 /* Resources */,
			);
			buildRules = (
			);
			dependencies = (
				6A92655E27FB3B5B002A2DF9 /* PBXTargetDependency */,
			);
			name = "Tests iOS";
			productName = "Tests iOS";
			productReference = 6A92655C27FB3B5B002A2DF9 /* Tests iOS.xctest */;
			productType = "com.apple.product-type.bundle.ui-testing";
		};
		6A92656727FB3B5C002A2DF9 /* Tests macOS */ = {
			isa = PBXNativeTarget;
			buildConfigurationList = 6A92658127FB3B5C002A2DF9 /* Build configuration list for PBXNativeTarget "Tests macOS" */;
			buildPhases = (
				6A92656427FB3B5C002A2DF9 /* Sources */,
				6A92656527FB3B5C002A2DF9 /* Frameworks */,
				6A92656627FB3B5C002A2DF9 /* Resources */,
			);
			buildRules = (
			);
			dependencies = (
				6A92656A27FB3B5C002A2DF9 /* PBXTargetDependency */,
			);
			name = "Tests macOS";
			productName = "Tests macOS";
			productReference = 6A92656827FB3B5C002A2DF9 /* Tests macOS.xctest */;
			productType = "com.apple.product-type.bundle.ui-testing";
		};
/* End PBXNativeTarget section */

/* Begin PBXProject section */
		6A92654327FB3B58002A2DF9 /* Project object */ = {
			isa = PBXProject;
			attributes = {
				BuildIndependentTargetsInParallel = 1;
				LastSwiftUpdateCheck = 1330;
				LastUpgradeCheck = 1330;
				TargetAttributes = {
					6A92654E27FB3B5B002A2DF9 = {
						CreatedOnToolsVersion = 13.3;
					};
					6A92655427FB3B5B002A2DF9 = {
						CreatedOnToolsVersion = 13.3;
					};
					6A92655B27FB3B5B002A2DF9 = {
						CreatedOnToolsVersion = 13.3;
						TestTargetID = 6A92654E27FB3B5B002A2DF9;
					};
					6A92656727FB3B5C002A2DF9 = {
						CreatedOnToolsVersion = 13.3;
						TestTargetID = 6A92655427FB3B5B002A2DF9;
					};
				};
			};
			buildConfigurationList = 6A92654627FB3B58002A2DF9 /* Build configuration list for PBXProject "wordsGame" */;
			compatibilityVersion = "Xcode 13.0";
			developmentRegion = en;
			hasScannedForEncodings = 0;
			knownRegions = (
				en,
				Base,
			);
			mainGroup = 6A92654227FB3B58002A2DF9;
			productRefGroup = 6A92655027FB3B5B002A2DF9 /* Products */;
			projectDirPath = "";
			projectRoot = "";
			targets = (
				6A92654E27FB3B5B002A2DF9 /* wordsGame (iOS) */,
				6A92655427FB3B5B002A2DF9 /* wordsGame (macOS) */,
				6A92655B27FB3B5B002A2DF9 /* Tests iOS */,
				6A92656727FB3B5C002A2DF9 /* Tests macOS */,
			);
		};
/* End PBXProject section */

/* Begin PBXResourcesBuildPhase section */
		6A92654D27FB3B5B002A2DF9 /* Resources */ = {
			isa = PBXResourcesBuildPhase;
			buildActionMask = 2147483647;
			files = (
				6A92657427FB3B5C002A2DF9 /* Assets.xcassets in Resources */,
			);
			runOnlyForDeploymentPostprocessing = 0;
		};
		6A92655327FB3B5B002A2DF9 /* Resources */ = {
			isa = PBXResourcesBuildPhase;
			buildActionMask = 2147483647;
			files = (
				6A92657527FB3B5C002A2DF9 /* Assets.xcassets in Resources */,
			);
			runOnlyForDeploymentPostprocessing = 0;
		};
		6A92655A27FB3B5B002A2DF9 /* Resources */ = {
			isa = PBXResourcesBuildPhase;
			buildActionMask = 2147483647;
			files = (
			);
			runOnlyForDeploymentPostprocessing = 0;
		};
		6A92656627FB3B5C002A2DF9 /* Resources */ = {
			isa = PBXResourcesBuildPhase;
			buildActionMask = 2147483647;
			files = (
			);
			runOnlyForDeploymentPostprocessing = 0;
		};
/* End PBXResourcesBuildPhase section */

/* Begin PBXSourcesBuildPhase section */
		6A92654B27FB3B5B002A2DF9 /* Sources */ = {
			isa = PBXSourcesBuildPhase;
			buildActionMask = 2147483647;
			files = (
				6A92657227FB3B5C002A2DF9 /* ContentView.swift in Sources */,
				6A92657027FB3B5C002A2DF9 /* wordsGameApp.swift in Sources */,
			);
			runOnlyForDeploymentPostprocessing = 0;
		};
		6A92655127FB3B5B002A2DF9 /* Sources */ = {
			isa = PBXSourcesBuildPhase;
			buildActionMask = 2147483647;
			files = (
				6A92657327FB3B5C002A2DF9 /* ContentView.swift in Sources */,
				6A92657127FB3B5C002A2DF9 /* wordsGameApp.swift in Sources */,
			);
			runOnlyForDeploymentPostprocessing = 0;
		};
		6A92655827FB3B5B002A2DF9 /* Sources */ = {
			isa = PBXSourcesBuildPhase;
			buildActionMask = 2147483647;
			files = (
				6A92656327FB3B5B002A2DF9 /* Tests_iOSLaunchTests.swift in Sources */,
				6A92656127FB3B5B002A2DF9 /* Tests_iOS.swift in Sources */,
			);
			runOnlyForDeploymentPostprocessing = 0;
		};
		6A92656427FB3B5C002A2DF9 /* Sources */ = {
			isa = PBXSourcesBuildPhase;
			buildActionMask = 2147483647;
			files = (
				6A92656F27FB3B5C002A2DF9 /* Tests_macOSLaunchTests.swift in Sources */,
				6A92656D27FB3B5C002A2DF9 /* Tests_macOS.swift in Sources */,
			);
			runOnlyForDeploymentPostprocessing = 0;
		};
/* End PBXSourcesBuildPhase section */

/* Begin PBXTargetDependency section */
		6A92655E27FB3B5B002A2DF9 /* PBXTargetDependency */ = {
			isa = PBXTargetDependency;
			target = 6A92654E27FB3B5B002A2DF9 /* wordsGame (iOS) */;
			targetProxy = 6A92655D27FB3B5B002A2DF9 /* PBXContainerItemProxy */;
		};
		6A92656A27FB3B5C002A2DF9 /* PBXTargetDependency */ = {
			isa = PBXTargetDependency;
			target = 6A92655427FB3B5B002A2DF9 /* wordsGame (macOS) */;
			targetProxy = 6A92656927FB3B5C002A2DF9 /* PBXContainerItemProxy */;
		};
/* End PBXTargetDependency section */

/* Begin XCBuildConfiguration section */
		6A92657627FB3B5C002A2DF9 /* Debug */ = {
			isa = XCBuildConfiguration;
			buildSettings = {
				ALWAYS_SEARCH_USER_PATHS = NO;
				CLANG_ANALYZER_NONNULL = YES;
				CLANG_ANALYZER_NUMBER_OBJECT_CONVERSION = YES_AGGRESSIVE;
				CLANG_CXX_LANGUAGE_STANDARD = "gnu++17";
				CLANG_ENABLE_MODULES = YES;
				CLANG_ENABLE_OBJC_ARC = YES;
				CLANG_ENABLE_OBJC_WEAK = YES;
				CLANG_WARN_BLOCK_CAPTURE_AUTORELEASING = YES;
				CLANG_WARN_BOOL_CONVERSION = YES;
				CLANG_WARN_COMMA = YES;
				CLANG_WARN_CONSTANT_CONVERSION = YES;
				CLANG_WARN_DEPRECATED_OBJC_IMPLEMENTATIONS = YES;
				CLANG_WARN_DIRECT_OBJC_ISA_USAGE = YES_ERROR;
				CLANG_WARN_DOCUMENTATION_COMMENTS = YES;
				CLANG_WARN_EMPTY_BODY = YES;
				CLANG_WARN_ENUM_CONVERSION = YES;
				CLANG_WARN_INFINITE_RECURSION = YES;
				CLANG_WARN_INT_CONVERSION = YES;
				CLANG_WARN_NON_LITERAL_NULL_CONVERSION = YES;
				CLANG_WARN_OBJC_IMPLICIT_RETAIN_SELF = YES;
				CLANG_WARN_OBJC_LITERAL_CONVERSION = YES;
				CLANG_WARN_OBJC_ROOT_CLASS = YES_ERROR;
				CLANG_WARN_QUOTED_INCLUDE_IN_FRAMEWORK_HEADER = YES;
				CLANG_WARN_RANGE_LOOP_ANALYSIS = YES;
				CLANG_WARN_STRICT_PROTOTYPES = YES;
				CLANG_WARN_SUSPICIOUS_MOVE = YES;
				CLANG_WARN_UNGUARDED_AVAILABILITY = YES_AGGRESSIVE;
				CLANG_WARN_UNREACHABLE_CODE = YES;
				CLANG_WARN__DUPLICATE_METHOD_MATCH = YES;
				COPY_PHASE_STRIP = NO;
				DEBUG_INFORMATION_FORMAT = dwarf;
				ENABLE_STRICT_OBJC_MSGSEND = YES;
				ENABLE_TESTABILITY = YES;
				GCC_C_LANGUAGE_STANDARD = gnu11;
				GCC_DYNAMIC_NO_PIC = NO;
				GCC_NO_COMMON_BLOCKS = YES;
				GCC_OPTIMIZATION_LEVEL = 0;
				GCC_PREPROCESSOR_DEFINITIONS = (
					"DEBUG=1",
					"$(inherited)",
				);
				GCC_WARN_64_TO_32_BIT_CONVERSION = YES;
				GCC_WARN_ABOUT_RETURN_TYPE = YES_ERROR;
				GCC_WARN_UNDECLARED_SELECTOR = YES;
				GCC_WARN_UNINITIALIZED_AUTOS = YES_AGGRESSIVE;
				GCC_WARN_UNUSED_FUNCTION = YES;
				GCC_WARN_UNUSED_VARIABLE = YES;
				MTL_ENABLE_DEBUG_INFO = INCLUDE_SOURCE;
				MTL_FAST_MATH = YES;
				ONLY_ACTIVE_ARCH = YES;
				SWIFT_ACTIVE_COMPILATION_CONDITIONS = DEBUG;
				SWIFT_OPTIMIZATION_LEVEL = "-Onone";
			};
			name = Debug;
		};
		6A92657727FB3B5C002A2DF9 /* Release */ = {
			isa = XCBuildConfiguration;
			buildSettings = {
				ALWAYS_SEARCH_USER_PATHS = NO;
				CLANG_ANALYZER_NONNULL = YES;
				CLANG_ANALYZER_NUMBER_OBJECT_CONVERSION = YES_AGGRESSIVE;
				CLANG_CXX_LANGUAGE_STANDARD = "gnu++17";
				CLANG_ENABLE_MODULES = YES;
				CLANG_ENABLE_OBJC_ARC = YES;
				CLANG_ENABLE_OBJC_WEAK = YES;
				CLANG_WARN_BLOCK_CAPTURE_AUTORELEASING = YES;
				CLANG_WARN_BOOL_CONVERSION = YES;
				CLANG_WARN_COMMA = YES;
				CLANG_WARN_CONSTANT_CONVERSION = YES;
				CLANG_WARN_DEPRECATED_OBJC_IMPLEMENTATIONS = YES;
				CLANG_WARN_DIRECT_OBJC_ISA_USAGE = YES_ERROR;
				CLANG_WARN_DOCUMENTATION_COMMENTS = YES;
				CLANG_WARN_EMPTY_BODY = YES;
				CLANG_WARN_ENUM_CONVERSION = YES;
				CLANG_WARN_INFINITE_RECURSION = YES;
				CLANG_WARN_INT_CONVERSION = YES;
				CLANG_WARN_NON_LITERAL_NULL_CONVERSION = YES;
				CLANG_WARN_OBJC_IMPLICIT_RETAIN_SELF = YES;
				CLANG_WARN_OBJC_LITERAL_CONVERSION = YES;
				CLANG_WARN_OBJC_ROOT_CLASS = YES_ERROR;
				CLANG_WARN_QUOTED_INCLUDE_IN_FRAMEWORK_HEADER = YES;
				CLANG_WARN_RANGE_LOOP_ANALYSIS = YES;
				CLANG_WARN_STRICT_PROTOTYPES = YES;
				CLANG_WARN_SUSPICIOUS_MOVE = YES;
				CLANG_WARN_UNGUARDED_AVAILABILITY = YES_AGGRESSIVE;
				CLANG_WARN_UNREACHABLE_CODE = YES;
				CLANG_WARN__DUPLICATE_METHOD_MATCH = YES;
				COPY_PHASE_STRIP = NO;
				DEBUG_INFORMATION_FORMAT = "dwarf-with-dsym";
				ENABLE_NS_ASSERTIONS = NO;
				ENABLE_STRICT_OBJC_MSGSEND = YES;
				GCC_C_LANGUAGE_STANDARD = gnu11;
				GCC_NO_COMMON_BLOCKS = YES;
				GCC_WARN_64_TO_32_BIT_CONVERSION = YES;
				GCC_WARN_ABOUT_RETURN_TYPE = YES_ERROR;
				GCC_WARN_UNDECLARED_SELECTOR = YES;
				GCC_WARN_UNINITIALIZED_AUTOS = YES_AGGRESSIVE;
				GCC_WARN_UNUSED_FUNCTION = YES;
				GCC_WARN_UNUSED_VARIABLE = YES;
				MTL_ENABLE_DEBUG_INFO = NO;
				MTL_FAST_MATH = YES;
				SWIFT_COMPILATION_MODE = wholemodule;
				SWIFT_OPTIMIZATION_LEVEL = "-O";
			};
			name = Release;
		};
		6A92657927FB3B5C002A2DF9 /* Debug */ = {
			isa = XCBuildConfiguration;
			buildSettings = {
				ASSETCATALOG_COMPILER_APPICON_NAME = AppIcon;
				ASSETCATALOG_COMPILER_GLOBAL_ACCENT_COLOR_NAME = AccentColor;
				CODE_SIGN_STYLE = Automatic;
				CURRENT_PROJECT_VERSION = 1;
				ENABLE_PREVIEWS = YES;
				GENERATE_INFOPLIST_FILE = YES;
				INFOPLIST_KEY_UIApplicationSceneManifest_Generation = YES;
				INFOPLIST_KEY_UIApplicationSupportsIndirectInputEvents = YES;
				INFOPLIST_KEY_UILaunchScreen_Generation = YES;
				INFOPLIST_KEY_UISupportedInterfaceOrientations_iPad = "UIInterfaceOrientationPortrait UIInterfaceOrientationPortraitUpsideDown UIInterfaceOrientationLandscapeLeft UIInterfaceOrientationLandscapeRight";
				INFOPLIST_KEY_UISupportedInterfaceOrientations_iPhone = "UIInterfaceOrientationPortrait UIInterfaceOrientationLandscapeLeft UIInterfaceOrientationLandscapeRight";
				IPHONEOS_DEPLOYMENT_TARGET = 15.4;
				LD_RUNPATH_SEARCH_PATHS = (
					"$(inherited)",
					"@executable_path/Frameworks",
				);
				MARKETING_VERSION = 1.0;
				PRODUCT_BUNDLE_IDENTIFIER = sherislamdev.wordsGame;
				PRODUCT_NAME = wordsGame;
				SDKROOT = iphoneos;
				SWIFT_EMIT_LOC_STRINGS = YES;
				SWIFT_VERSION = 5.0;
				TARGETED_DEVICE_FAMILY = "1,2";
			};
			name = Debug;
		};
		6A92657A27FB3B5C002A2DF9 /* Release */ = {
			isa = XCBuildConfiguration;
			buildSettings = {
				ASSETCATALOG_COMPILER_APPICON_NAME = AppIcon;
				ASSETCATALOG_COMPILER_GLOBAL_ACCENT_COLOR_NAME = AccentColor;
				CODE_SIGN_STYLE = Automatic;
				CURRENT_PROJECT_VERSION = 1;
				ENABLE_PREVIEWS = YES;
				GENERATE_INFOPLIST_FILE = YES;
				INFOPLIST_KEY_UIApplicationSceneManifest_Generation = YES;
				INFOPLIST_KEY_UIApplicationSupportsIndirectInputEvents = YES;
				INFOPLIST_KEY_UILaunchScreen_Generation = YES;
				INFOPLIST_KEY_UISupportedInterfaceOrientations_iPad = "UIInterfaceOrientationPortrait UIInterfaceOrientationPortraitUpsideDown UIInterfaceOrientationLandscapeLeft UIInterfaceOrientationLandscapeRight";
				INFOPLIST_KEY_UISupportedInterfaceOrientations_iPhone = "UIInterfaceOrientationPortrait UIInterfaceOrientationLandscapeLeft UIInterfaceOrientationLandscapeRight";
				IPHONEOS_DEPLOYMENT_TARGET = 15.4;
				LD_RUNPATH_SEARCH_PATHS = (
					"$(inherited)",
					"@executable_path/Frameworks",
				);
				MARKETING_VERSION = 1.0;
				PRODUCT_BUNDLE_IDENTIFIER = sherislamdev.wordsGame;
				PRODUCT_NAME = wordsGame;
				SDKROOT = iphoneos;
				SWIFT_EMIT_LOC_STRINGS = YES;
				SWIFT_VERSION = 5.0;
				TARGETED_DEVICE_FAMILY = "1,2";
				VALIDATE_PRODUCT = YES;
			};
			name = Release;
		};
		6A92657C27FB3B5C002A2DF9 /* Debug */ = {
			isa = XCBuildConfiguration;
			buildSettings = {
				ASSETCATALOG_COMPILER_APPICON_NAME = AppIcon;
				ASSETCATALOG_COMPILER_GLOBAL_ACCENT_COLOR_NAME = AccentColor;
				CODE_SIGN_ENTITLEMENTS = macOS/macOS.entitlements;
				CODE_SIGN_STYLE = Automatic;
				COMBINE_HIDPI_IMAGES = YES;
				CURRENT_PROJECT_VERSION = 1;
				ENABLE_PREVIEWS = YES;
				GENERATE_INFOPLIST_FILE = YES;
				INFOPLIST_KEY_NSHumanReadableCopyright = "";
				LD_RUNPATH_SEARCH_PATHS = (
					"$(inherited)",
					"@executable_path/../Frameworks",
				);
				MACOSX_DEPLOYMENT_TARGET = 12.3;
				MARKETING_VERSION = 1.0;
				PRODUCT_BUNDLE_IDENTIFIER = sherislamdev.wordsGame;
				PRODUCT_NAME = wordsGame;
				SDKROOT = macosx;
				SWIFT_EMIT_LOC_STRINGS = YES;
				SWIFT_VERSION = 5.0;
			};
			name = Debug;
		};
		6A92657D27FB3B5C002A2DF9 /* Release */ = {
			isa = XCBuildConfiguration;
			buildSettings = {
				ASSETCATALOG_COMPILER_APPICON_NAME = AppIcon;
				ASSETCATALOG_COMPILER_GLOBAL_ACCENT_COLOR_NAME = AccentColor;
				CODE_SIGN_ENTITLEMENTS = macOS/macOS.entitlements;
				CODE_SIGN_STYLE = Automatic;
				COMBINE_HIDPI_IMAGES = YES;
				CURRENT_PROJECT_VERSION = 1;
				ENABLE_PREVIEWS = YES;
				GENERATE_INFOPLIST_FILE = YES;
				INFOPLIST_KEY_NSHumanReadableCopyright = "";
				LD_RUNPATH_SEARCH_PATHS = (
					"$(inherited)",
					"@executable_path/../Frameworks",
				);
				MACOSX_DEPLOYMENT_TARGET = 12.3;
				MARKETING_VERSION = 1.0;
				PRODUCT_BUNDLE_IDENTIFIER = sherislamdev.wordsGame;
				PRODUCT_NAME = wordsGame;
				SDKROOT = macosx;
				SWIFT_EMIT_LOC_STRINGS = YES;
				SWIFT_VERSION = 5.0;
			};
			name = Release;
		};
		6A92657F27FB3B5C002A2DF9 /* Debug */ = {
			isa = XCBuildConfiguration;
			buildSettings = {
				ALWAYS_EMBED_SWIFT_STANDARD_LIBRARIES = YES;
				CODE_SIGN_STYLE = Automatic;
				CURRENT_PROJECT_VERSION = 1;
				GENERATE_INFOPLIST_FILE = YES;
				IPHONEOS_DEPLOYMENT_TARGET = 15.4;
				MARKETING_VERSION = 1.0;
				PRODUCT_BUNDLE_IDENTIFIER = "sherislamdev.Tests-iOS";
				PRODUCT_NAME = "$(TARGET_NAME)";
				SDKROOT = iphoneos;
				SWIFT_EMIT_LOC_STRINGS = NO;
				SWIFT_VERSION = 5.0;
				TARGETED_DEVICE_FAMILY = "1,2";
				TEST_TARGET_NAME = "wordsGame (iOS)";
			};
			name = Debug;
		};
		6A92658027FB3B5C002A2DF9 /* Release */ = {
			isa = XCBuildConfiguration;
			buildSettings = {
				ALWAYS_EMBED_SWIFT_STANDARD_LIBRARIES = YES;
				CODE_SIGN_STYLE = Automatic;
				CURRENT_PROJECT_VERSION = 1;
				GENERATE_INFOPLIST_FILE = YES;
				IPHONEOS_DEPLOYMENT_TARGET = 15.4;
				MARKETING_VERSION = 1.0;
				PRODUCT_BUNDLE_IDENTIFIER = "sherislamdev.Tests-iOS";
				PRODUCT_NAME = "$(TARGET_NAME)";
				SDKROOT = iphoneos;
				SWIFT_EMIT_LOC_STRINGS = NO;
				SWIFT_VERSION = 5.0;
				TARGETED_DEVICE_FAMILY = "1,2";
				TEST_TARGET_NAME = "wordsGame (iOS)";
				VALIDATE_PRODUCT = YES;
			};
			name = Release;
		};
		6A92658227FB3B5C002A2DF9 /* Debug */ = {
			isa = XCBuildConfiguration;
			buildSettings = {
				ALWAYS_EMBED_SWIFT_STANDARD_LIBRARIES = YES;
				CODE_SIGN_STYLE = Automatic;
				CURRENT_PROJECT_VERSION = 1;
				GENERATE_INFOPLIST_FILE = YES;
				MACOSX_DEPLOYMENT_TARGET = 12.3;
				MARKETING_VERSION = 1.0;
				PRODUCT_BUNDLE_IDENTIFIER = "sherislamdev.Tests-macOS";
				PRODUCT_NAME = "$(TARGET_NAME)";
				SDKROOT = macosx;
				SWIFT_EMIT_LOC_STRINGS = NO;
				SWIFT_VERSION = 5.0;
				TEST_TARGET_NAME = "wordsGame (macOS)";
			};
			name = Debug;
		};
		6A92658327FB3B5C002A2DF9 /* Release */ = {
			isa = XCBuildConfiguration;
			buildSettings = {
				ALWAYS_EMBED_SWIFT_STANDARD_LIBRARIES = YES;
				CODE_SIGN_STYLE = Automatic;
				CURRENT_PROJECT_VERSION = 1;
				GENERATE_INFOPLIST_FILE = YES;
				MACOSX_DEPLOYMENT_TARGET = 12.3;
				MARKETING_VERSION = 1.0;
				PRODUCT_BUNDLE_IDENTIFIER = "sherislamdev.Tests-macOS";
				PRODUCT_NAME = "$(TARGET_NAME)";
				SDKROOT = macosx;
				SWIFT_EMIT_LOC_STRINGS = NO;
				SWIFT_VERSION = 5.0;
				TEST_TARGET_NAME = "wordsGame (macOS)";
			};
			name = Release;
		};
/* End XCBuildConfiguration section */

/* Begin XCConfigurationList section */
		6A92654627FB3B58002A2DF9 /* Build configuration list for PBXProject "wordsGame" */ = {
			isa = XCConfigurationList;
			buildConfigurations = (
				6A92657627FB3B5C002A2DF9 /* Debug */,
				6A92657727FB3B5C002A2DF9 /* Release */,
			);
			defaultConfigurationIsVisible = 0;
			defaultConfigurationName = Release;
		};
		6A92657827FB3B5C002A2DF9 /* Build configuration list for PBXNativeTarget "wordsGame (iOS)" */ = {
			isa = XCConfigurationList;
			buildConfigurations = (
				6A92657927FB3B5C002A2DF9 /* Debug */,
				6A92657A27FB3B5C002A2DF9 /* Release */,
			);
			defaultConfigurationIsVisible = 0;
			defaultConfigurationName = Release;
		};
		6A92657B27FB3B5C002A2DF9 /* Build configuration list for PBXNativeTarget "wordsGame (macOS)" */ = {
			isa = XCConfigurationList;
			buildConfigurations = (
				6A92657C27FB3B5C002A2DF9 /* Debug */,
				6A92657D27FB3B5C002A2DF9 /* Release */,
			);
			defaultConfigurationIsVisible = 0;
			defaultConfigurationName = Release;
		};
		6A92657E27FB3B5C002A2DF9 /* Build configuration list for PBXNativeTarget "Tests iOS" */ = {
			isa = XCConfigurationList;
			buildConfigurations = (
				6A92657F27FB3B5C002A2DF9 /* Debug */,
				6A92658027FB3B5C002A2DF9 /* Release */,
			);
			defaultConfigurationIsVisible = 0;
			defaultConfigurationName = Release;
		};
		6A92658127FB3B5C002A2DF9 /* Build configuration list for PBXNativeTarget "Tests macOS" */ = {
			isa = XCConfigurationList;
			buildConfigurations = (
				6A92658227FB3B5C002A2DF9 /* Debug */,
				6A92658327FB3B5C002A2DF9 /* Release */,
			);
			defaultConfigurationIsVisible = 0;
			defaultConfigurationName = Release;
		};
/* End XCConfigurationList section */
	};
	rootObject = 6A92654327FB3B58002A2DF9 /* Project object */;
}
